
Microsoft Visual Studio Solution File, Format Version 12.00
# Visual Studio 15
VisualStudioVersion = 15.0.33919.361
MinimumVisualStudioVersion = 10.0.40219.1
Project("{E24C65DC-7377-472B-9ABA-BC803B73C61A}") = "Grid View Bootstrap", "Grid View Bootstrap\", "{F4D8FD72-164A-4B45-BB19-33644792D33A}"
	ProjectSection(WebsiteProperties) = preProject
		TargetFrameworkMoniker = ".NETFramework,Version%3Dv4.6.1"
		Debug.AspNetCompiler.VirtualPath = "/localhost_60919"
		Debug.AspNetCompiler.PhysicalPath = "Grid View Bootstrap\"
		Debug.AspNetCompiler.TargetPath = "PrecompiledWeb\localhost_60919\"
		Debug.AspNetCompiler.Updateable = "true"
		Debug.AspNetCompiler.ForceOverwrite = "true"
		Debug.AspNetCompiler.FixedNames = "false"
		Debug.AspNetCompiler.Debug = "True"
		Release.AspNetCompiler.VirtualPath = "/localhost_60919"
		Release.AspNetCompiler.PhysicalPath = "Grid View Bootstrap\"
		Release.AspNetCompiler.TargetPath = "PrecompiledWeb\localhost_60919\"
		Release.AspNetCompiler.Updateable = "true"
		Release.AspNetCompiler.ForceOverwrite = "true"
		Release.AspNetCompiler.FixedNames = "false"
		Release.AspNetCompiler.Debug = "False"
		VWDPort = "60919"
		SlnRelativePath = "Grid View Bootstrap\"
		DefaultWebSiteLanguage = "Visual C#"
	EndProjectSection
EndProject
Global
	GlobalSection(SolutionConfigurationPlatforms) = preSolution
		Debug|Any CPU = Debug|Any CPU
	EndGlobalSection
	GlobalSection(ProjectConfigurationPlatforms) = postSolution
		{F4D8FD72-164A-4B45-BB19-33644792D33A}.Debug|Any CPU.ActiveCfg = Debug|Any CPU
		{F4D8FD72-164A-4B45-BB19-33644792D33A}.Debug|Any CPU.Build.0 = Debug|Any CPU
	EndGlobalSection
	GlobalSection(SolutionProperties) = preSolution
		HideSolutionNode = FALSE
	EndGlobalSection
	GlobalSection(ExtensibilityGlobals) = postSolution
		SolutionGuid = {2618520B-DB50-4EBF-824C-9F6347D7F3E4}
	EndGlobalSection
EndGlobal
